
Microsoft Visual Studio Solution File, Format Version 12.00
# Visual Studio Version 16
VisualStudioVersion = 16.0.29409.12
MinimumVisualStudioVersion = 10.0.40219.1
Project("{9A19103F-16F7-4668-BE54-9A1E7A4F7556}") = "Builder", "Builder\Builder.csproj", "{0B2DD803-DB58-47E9-9ECF-0C0AEEEEA6D4}"
EndProject
Project("{2150E333-8FDC-42A3-9474-1A3956D46DE8}") = "Creational patterns", "Creational patterns", "{BB3D4A13-6AAA-42C4-8572-C59C798797D5}"
EndProject
Global
	GlobalSection(SolutionConfigurationPlatforms) = preSolution
		Debug|Any CPU = Debug|Any CPU
		Release|Any CPU = Release|Any CPU
	EndGlobalSection
	GlobalSection(ProjectConfigurationPlatforms) = postSolution
		{0B2DD803-DB58-47E9-9ECF-0C0AEEEEA6D4}.Debug|Any CPU.ActiveCfg = Debug|Any CPU
		{0B2DD803-DB58-47E9-9ECF-0C0AEEEEA6D4}.Debug|Any CPU.Build.0 = Debug|Any CPU
		{0B2DD803-DB58-47E9-9ECF-0C0AEEEEA6D4}.Release|Any CPU.ActiveCfg = Release|Any CPU
		{0B2DD803-DB58-47E9-9ECF-0C0AEEEEA6D4}.Release|Any CPU.Build.0 = Release|Any CPU
	EndGlobalSection
	GlobalSection(SolutionProperties) = preSolution
		HideSolutionNode = FALSE
	EndGlobalSection
	GlobalSection(NestedProjects) = preSolution
		{0B2DD803-DB58-47E9-9ECF-0C0AEEEEA6D4} = {BB3D4A13-6AAA-42C4-8572-C59C798797D5}
	EndGlobalSection
	GlobalSection(ExtensibilityGlobals) = postSolution
		SolutionGuid = {75C28F3E-663D-43CB-8BB1-A4FC7DADBF12}
	EndGlobalSection
EndGlobal
